# THIS IS AN AUTOGENERATED FILE. DO NOT EDIT THIS FILE DIRECTLY.
# yarn lockfile v1


"@ethereumjs/rlp@^4.0.0-beta.2":
  version "4.0.0"
  resolved "https://registry.npmjs.org/@ethereumjs/rlp/-/rlp-4.0.0.tgz"
  integrity sha512-LM4jS5n33bJN60fM5EC8VeyhUgga6/DjCPBV2vWjnfVtobqtOiNC4SQ1MRFqyBSmJGGdB533JZWewyvlcdJtkQ==

"@ethereumjs/util@^8.0.0":
  version "8.0.2"
  resolved "https://registry.npmjs.org/@ethereumjs/util/-/util-8.0.2.tgz"
  integrity sha512-b1Fcxmq+ckCdoLPhVIBkTcH8szigMapPuEmD8EDakvtI5Na5rzmX1sBW73YQqaPc7iUxGCAzZP1LrFQ7aEMugA==
  dependencies:
    "@ethereumjs/rlp" "^4.0.0-beta.2"
    async "^3.2.4"
    ethereum-cryptography "^1.1.2"

"@metamask/eth-sig-util@^5.0.0":
  version "5.0.0"
  resolved "https://registry.npmjs.org/@metamask/eth-sig-util/-/eth-sig-util-5.0.0.tgz"
  integrity sha512-wBOfkmPJoQG3c6kfxxJxQKfzxqSVtMxRjMD4C6xNtGU+TEuBacC3jIgjUUPlC5MTWu4XFo1Y8VWrmc1AlwAitA==
  dependencies:
    "@ethereumjs/util" "^8.0.0"
    bn.js "4.11.8"
    ethereum-cryptography "^1.1.2"
    ethjs-util "^0.1.6"
    tweetnacl "^1.0.3"
    tweetnacl-util "^0.15.1"

"@noble/hashes@1.1.2", "@noble/hashes@~1.1.1":
  version "1.1.2"
  resolved "https://registry.npmjs.org/@noble/hashes/-/hashes-1.1.2.tgz"
  integrity sha512-KYRCASVTv6aeUi1tsF8/vpyR7zpfs3FUzy2Jqm+MU+LmUKhQ0y2FpfwqkCcxSg2ua4GALJd8k2R76WxwZGbQpA==

"@noble/secp256k1@1.6.3", "@noble/secp256k1@~1.6.0":
  version "1.6.3"
  resolved "https://registry.npmjs.org/@noble/secp256k1/-/secp256k1-1.6.3.tgz"
  integrity sha512-T04e4iTurVy7I8Sw4+c5OSN9/RkPlo1uKxAomtxQNLq8j1uPAqnsqG1bqvY3Jv7c13gyr6dui0zmh/I3+f/JaQ==

"@scure/base@~1.1.0":
  version "1.1.1"
  resolved "https://registry.npmjs.org/@scure/base/-/base-1.1.1.tgz"
  integrity sha512-ZxOhsSyxYwLJj3pLZCefNitxsj093tb2vq90mp2txoYeBqbcjDjqFhyM8eUjq/uFm6zJ+mUuqxlS2FkuSY1MTA==

"@scure/bip32@1.1.0":
  version "1.1.0"
  resolved "https://registry.npmjs.org/@scure/bip32/-/bip32-1.1.0.tgz"
  integrity sha512-ftTW3kKX54YXLCxH6BB7oEEoJfoE2pIgw7MINKAs5PsS6nqKPuKk1haTF/EuHmYqG330t5GSrdmtRuHaY1a62Q==
  dependencies:
    "@noble/hashes" "~1.1.1"
    "@noble/secp256k1" "~1.6.0"
    "@scure/base" "~1.1.0"

"@scure/bip39@1.1.0":
  version "1.1.0"
  resolved "https://registry.npmjs.org/@scure/bip39/-/bip39-1.1.0.tgz"
  integrity sha512-pwrPOS16VeTKg98dYXQyIjJEcWfz7/1YJIwxUEPFfQPtc86Ym/1sVgQ2RLoD43AazMk2l/unK4ITySSpW2+82w==
  dependencies:
    "@noble/hashes" "~1.1.1"
    "@scure/base" "~1.1.0"

"@types/crypto-js@^4.1.1":
  version "4.1.1"
  resolved "https://registry.yarnpkg.com/@types/crypto-js/-/crypto-js-4.1.1.tgz#602859584cecc91894eb23a4892f38cfa927890d"
  integrity sha512-BG7fQKZ689HIoc5h+6D2Dgq1fABRa0RbBWKBd9SP/MVRVXROflpm5fhwyATX5duFmbStzyzyycPB8qUYKDH3NA==

asn1.js@^5.0.0:
  version "5.4.1"
  resolved "https://registry.npmjs.org/asn1.js/-/asn1.js-5.4.1.tgz"
  integrity sha512-+I//4cYPccV8LdmBLiX8CYvf9Sp3vQsrqu2QNXRcrbiWvcx/UdlFiqUJJzxRQxgsZmvhXhn4cSKeSmoFjVdupA==
  dependencies:
    bn.js "^4.0.0"
    inherits "^2.0.1"
    minimalistic-assert "^1.0.0"
    safer-buffer "^2.1.0"

async@^3.2.4:
  version "3.2.4"
  resolved "https://registry.npmjs.org/async/-/async-3.2.4.tgz"
  integrity sha512-iAB+JbDEGXhyIUavoDl9WP/Jj106Kz9DEn1DPgYw5ruDn0e3Wgi3sKFm55sASdGBNOQB8F59d9qQ7deqrHA8wQ==

bn.js@4.11.8, bn.js@^4.0.0:
  version "4.11.8"
  resolved "https://registry.npmjs.org/bn.js/-/bn.js-4.11.8.tgz"
  integrity sha512-ItfYfPLkWHUjckQCk8xC+LwxgK8NYcXywGigJgSwOP8Y2iyWT4f2vsZnoOXTTbo+o5yXmIUJ4gn5538SO5S3gA==

crypto-js@^4.1.1:
  version "4.1.1"
  resolved "https://registry.npmjs.org/crypto-js/-/crypto-js-4.1.1.tgz"
  integrity sha512-o2JlM7ydqd3Qk9CA0L4NL6mTzU2sdx96a+oOfPu8Mkl/PK51vSyoi8/rQ8NknZtk44vq15lmhAj9CIAGwgeWKw==

ethereum-cryptography@^1.1.2:
  version "1.1.2"
  resolved "https://registry.npmjs.org/ethereum-cryptography/-/ethereum-cryptography-1.1.2.tgz"
  integrity sha512-XDSJlg4BD+hq9N2FjvotwUET9Tfxpxc3kWGE2AqUG5vcbeunnbImVk3cj6e/xT3phdW21mE8R5IugU4fspQDcQ==
  dependencies:
    "@noble/hashes" "1.1.2"
    "@noble/secp256k1" "1.6.3"
    "@scure/bip32" "1.1.0"
    "@scure/bip39" "1.1.0"

ethjs-util@^0.1.6:
  version "0.1.6"
  resolved "https://registry.npmjs.org/ethjs-util/-/ethjs-util-0.1.6.tgz"
  integrity sha512-CUnVOQq7gSpDHZVVrQW8ExxUETWrnrvXYvYz55wOU8Uj4VCgw56XC2B/fVqQN+f7gmrnRHSLVnFAwsCuNwji8w==
  dependencies:
    is-hex-prefixed "1.0.0"
    strip-hex-prefix "1.0.0"

inherits@^2.0.1:
  version "2.0.4"
  resolved "https://registry.npmjs.org/inherits/-/inherits-2.0.4.tgz"
  integrity sha512-k/vGaX4/Yla3WzyMCvTQOXYeIHvqOKtnqBduzTHpzpQZzAskKMhZ2K+EnBiSM9zGSoIFeMpXKxa4dYeZIQqewQ==

is-hex-prefixed@1.0.0:
  version "1.0.0"
  resolved "https://registry.npmjs.org/is-hex-prefixed/-/is-hex-prefixed-1.0.0.tgz"
  integrity sha512-WvtOiug1VFrE9v1Cydwm+FnXd3+w9GaeVUss5W4v/SLy3UW00vP+6iNF2SdnfiBoLy4bTqVdkftNGTUeOFVsbA==

minimalistic-assert@^1.0.0:
  version "1.0.1"
  resolved "https://registry.npmjs.org/minimalistic-assert/-/minimalistic-assert-1.0.1.tgz"
  integrity sha512-UtJcAD4yEaGtjPezWuO9wC4nwUnVH/8/Im3yEHQP4b67cXlD/Qr9hdITCU1xDbSEXg2XKNaP8jsReV7vQd00/A==

openpgp@^5.5.0:
  version "5.5.0"
  resolved "https://registry.npmjs.org/openpgp/-/openpgp-5.5.0.tgz"
  integrity sha512-SpwcJnxrK9Y0HRM6KxSFqkAEOSWEabCH/c8dII/+y2e5f6KvuDG5ZE7JXaPBaVJNE4VUZZeTphxXDoZD0KOHrw==
  dependencies:
    asn1.js "^5.0.0"

safer-buffer@^2.1.0:
  version "2.1.2"
  resolved "https://registry.npmjs.org/safer-buffer/-/safer-buffer-2.1.2.tgz"
  integrity sha512-YZo3K82SD7Riyi0E1EQPojLz7kpepnSQI9IyPbHHg1XXXevb5dJI7tpyN2ADxGcQbHG7vcyRHk0cbwqcQriUtg==

strip-hex-prefix@1.0.0:
  version "1.0.0"
  resolved "https://registry.npmjs.org/strip-hex-prefix/-/strip-hex-prefix-1.0.0.tgz"
  integrity sha512-q8d4ue7JGEiVcypji1bALTos+0pWtyGlivAWyPuTkHzuTCJqrK9sWxYQZUq6Nq3cuyv3bm734IhHvHtGGURU6A==
  dependencies:
    is-hex-prefixed "1.0.0"

tweetnacl-util@^0.15.1:
  version "0.15.1"
  resolved "https://registry.npmjs.org/tweetnacl-util/-/tweetnacl-util-0.15.1.tgz"
  integrity sha512-RKJBIj8lySrShN4w6i/BonWp2Z/uxwC3h4y7xsRrpP59ZboCd0GpEVsOnMDYLMmKBpYhb5TgHzZXy7wTfYFBRw==

tweetnacl@^1.0.3:
  version "1.0.3"
  resolved "https://registry.npmjs.org/tweetnacl/-/tweetnacl-1.0.3.tgz"
  integrity sha512-6rt+RN7aOi1nGMyC4Xa5DdYiukl2UWCbcJft7YhxReBGQD7OAM8Pbxw6YMo4r2diNEA8FEmu32YOn9rhaiE5yw==
