# THIS IS AN AUTOGENERATED FILE. DO NOT EDIT THIS FILE DIRECTLY.
# yarn lockfile v1


"@chainsafe/as-sha256@^0.3.1":
  version "0.3.1"
  resolved "https://registry.npmjs.org/@chainsafe/as-sha256/-/as-sha256-0.3.1.tgz"
  integrity sha512-hldFFYuf49ed7DAakWVXSJODuq3pzJEguD8tQ7h+sGkM18vja+OFoJI9krnGmgzyuZC2ETX0NOIcCTy31v2Mtg==

"@chainsafe/persistent-merkle-tree@^0.4.2":
  version "0.4.2"
  resolved "https://registry.npmjs.org/@chainsafe/persistent-merkle-tree/-/persistent-merkle-tree-0.4.2.tgz"
  integrity sha512-lLO3ihKPngXLTus/L7WHKaw9PnNJWizlOF1H9NNzHP6Xvh82vzg9F2bzkXhYIFshMZ2gTCEz8tq6STe7r5NDfQ==
  dependencies:
    "@chainsafe/as-sha256" "^0.3.1"

"@chainsafe/ssz@0.9.4":
  version "0.9.4"
  resolved "https://registry.npmjs.org/@chainsafe/ssz/-/ssz-0.9.4.tgz"
  integrity sha512-77Qtg2N1ayqs4Bg/wvnWfg5Bta7iy7IRh8XqXh7oNMeP2HBbBwx8m6yTpA8p0EHItWPEBkgZd5S5/LSlp3GXuQ==
  dependencies:
    "@chainsafe/as-sha256" "^0.3.1"
    "@chainsafe/persistent-merkle-tree" "^0.4.2"
    case "^1.6.3"

"@ethereumjs/rlp@^4.0.1":
  version "4.0.1"
  resolved "https://registry.npmjs.org/@ethereumjs/rlp/-/rlp-4.0.1.tgz"
  integrity sha512-tqsQiBQDQdmPWE1xkkBq4rlSW5QZpLOUJ5RJh2/9fug+q9tnUhuZoVLk7s0scUIKTOzEtR72DFBXI4WiZcMpvw==

"@ethereumjs/util@^8.0.0":
  version "8.0.5"
  resolved "https://registry.npmjs.org/@ethereumjs/util/-/util-8.0.5.tgz"
  integrity sha512-259rXKK3b3D8HRVdRmlOEi6QFvwxdt304hhrEAmpZhsj7ufXEOTIc9JRZPMnXatKjECokdLNBcDOFBeBSzAIaw==
  dependencies:
    "@chainsafe/ssz" "0.9.4"
    "@ethereumjs/rlp" "^4.0.1"
    ethereum-cryptography "^1.1.2"

"@metamask/eth-sig-util@^5.0.2":
  version "5.0.2"
  resolved "https://registry.npmjs.org/@metamask/eth-sig-util/-/eth-sig-util-5.0.2.tgz"
  integrity sha512-RU6fG/H6/UlBol221uBkq5C7w3TwLK611nEZliO2u+kO0vHKGBXnIPlhI0tzKUigjhUeOd9mhCNbNvhh0LKt9Q==
  dependencies:
    "@ethereumjs/util" "^8.0.0"
    bn.js "^4.11.8"
    ethereum-cryptography "^1.1.2"
    ethjs-util "^0.1.6"
    tweetnacl "^1.0.3"
    tweetnacl-util "^0.15.1"

"@noble/hashes@1.2.0", "@noble/hashes@~1.2.0":
  version "1.2.0"
  resolved "https://registry.npmjs.org/@noble/hashes/-/hashes-1.2.0.tgz"
  integrity sha512-FZfhjEDbT5GRswV3C6uvLPHMiVD6lQBmpoX5+eSiPaMTXte/IKqI5dykDxzZB/WBeK/CDuQRBWarPdi3FNY2zQ==

"@noble/secp256k1@1.7.1", "@noble/secp256k1@~1.7.0":
  version "1.7.1"
  resolved "https://registry.npmjs.org/@noble/secp256k1/-/secp256k1-1.7.1.tgz"
  integrity sha512-hOUk6AyBFmqVrv7k5WAw/LpszxVbj9gGN4JRkIX52fdFAj1UA61KXmZDvqVEm+pOyec3+fIeZB02LYa/pWOArw==

"@scure/base@~1.1.0":
  version "1.1.1"
  resolved "https://registry.npmjs.org/@scure/base/-/base-1.1.1.tgz"
  integrity sha512-ZxOhsSyxYwLJj3pLZCefNitxsj093tb2vq90mp2txoYeBqbcjDjqFhyM8eUjq/uFm6zJ+mUuqxlS2FkuSY1MTA==

"@scure/bip32@1.1.5":
  version "1.1.5"
  resolved "https://registry.npmjs.org/@scure/bip32/-/bip32-1.1.5.tgz"
  integrity sha512-XyNh1rB0SkEqd3tXcXMi+Xe1fvg+kUIcoRIEujP1Jgv7DqW2r9lg3Ah0NkFaCs9sTkQAQA8kw7xiRXzENi9Rtw==
  dependencies:
    "@noble/hashes" "~1.2.0"
    "@noble/secp256k1" "~1.7.0"
    "@scure/base" "~1.1.0"

"@scure/bip39@1.1.1":
  version "1.1.1"
  resolved "https://registry.npmjs.org/@scure/bip39/-/bip39-1.1.1.tgz"
  integrity sha512-t+wDck2rVkh65Hmv280fYdVdY25J9YeEUIgn2LG1WM6gxFkGzcksoDiUkWVpVp3Oex9xGC68JU2dSbUfwZ2jPg==
  dependencies:
    "@noble/hashes" "~1.2.0"
    "@scure/base" "~1.1.0"

"@types/crypto-js@^4.1.1":
  version "4.1.1"
  resolved "https://registry.yarnpkg.com/@types/crypto-js/-/crypto-js-4.1.1.tgz#602859584cecc91894eb23a4892f38cfa927890d"
  integrity sha512-BG7fQKZ689HIoc5h+6D2Dgq1fABRa0RbBWKBd9SP/MVRVXROflpm5fhwyATX5duFmbStzyzyycPB8qUYKDH3NA==

asn1.js@^5.0.0:
  version "5.4.1"
  resolved "https://registry.npmjs.org/asn1.js/-/asn1.js-5.4.1.tgz"
  integrity sha512-+I//4cYPccV8LdmBLiX8CYvf9Sp3vQsrqu2QNXRcrbiWvcx/UdlFiqUJJzxRQxgsZmvhXhn4cSKeSmoFjVdupA==
  dependencies:
    bn.js "^4.0.0"
    inherits "^2.0.1"
    minimalistic-assert "^1.0.0"
    safer-buffer "^2.1.0"

base64-js@^1.3.1:
  version "1.5.1"
  resolved "https://registry.npmjs.org/base64-js/-/base64-js-1.5.1.tgz"
  integrity sha512-AKpaYlHn8t4SVbOHCy+b5+KKgvR4vrsD8vbvrbiQJps7fKDTkjkDry6ji0rUJjC0kzbNePLwzxq8iypo41qeWA==

bn.js@^4.0.0, bn.js@^4.11.8:
  version "4.11.8"
  resolved "https://registry.npmjs.org/bn.js/-/bn.js-4.11.8.tgz"
  integrity sha512-ItfYfPLkWHUjckQCk8xC+LwxgK8NYcXywGigJgSwOP8Y2iyWT4f2vsZnoOXTTbo+o5yXmIUJ4gn5538SO5S3gA==

buffer@^6.0.3:
  version "6.0.3"
  resolved "https://registry.npmjs.org/buffer/-/buffer-6.0.3.tgz"
  integrity sha512-FTiCpNxtwiZZHEZbcbTIcZjERVICn9yq/pDFkTl95/AxzD1naBctN7YO68riM/gLSDY7sdrMby8hofADYuuqOA==
  dependencies:
    base64-js "^1.3.1"
    ieee754 "^1.2.1"

case@^1.6.3:
  version "1.6.3"
  resolved "https://registry.npmjs.org/case/-/case-1.6.3.tgz"
  integrity sha512-mzDSXIPaFwVDvZAHqZ9VlbyF4yyXRuX6IvB06WvPYkqJVO24kX1PPhv9bfpKNFZyxYFmmgo03HUiD8iklmJYRQ==

crypto-js@^4.1.1:
  version "4.1.1"
  resolved "https://registry.yarnpkg.com/crypto-js/-/crypto-js-4.1.1.tgz#9e485bcf03521041bd85844786b83fb7619736cf"
  integrity sha512-o2JlM7ydqd3Qk9CA0L4NL6mTzU2sdx96a+oOfPu8Mkl/PK51vSyoi8/rQ8NknZtk44vq15lmhAj9CIAGwgeWKw==

ethereum-cryptography@^1.1.2:
  version "1.2.0"
  resolved "https://registry.npmjs.org/ethereum-cryptography/-/ethereum-cryptography-1.2.0.tgz"
  integrity sha512-6yFQC9b5ug6/17CQpCyE3k9eKBMdhyVjzUy1WkiuY/E4vj/SXDBbCw8QEIaXqf0Mf2SnY6RmpDcwlUmBSS0EJw==
  dependencies:
    "@noble/hashes" "1.2.0"
    "@noble/secp256k1" "1.7.1"
    "@scure/bip32" "1.1.5"
    "@scure/bip39" "1.1.1"

ethjs-util@^0.1.6:
  version "0.1.6"
  resolved "https://registry.npmjs.org/ethjs-util/-/ethjs-util-0.1.6.tgz"
  integrity sha512-CUnVOQq7gSpDHZVVrQW8ExxUETWrnrvXYvYz55wOU8Uj4VCgw56XC2B/fVqQN+f7gmrnRHSLVnFAwsCuNwji8w==
  dependencies:
    is-hex-prefixed "1.0.0"
    strip-hex-prefix "1.0.0"

ieee754@^1.2.1:
  version "1.2.1"
  resolved "https://registry.npmjs.org/ieee754/-/ieee754-1.2.1.tgz"
  integrity sha512-dcyqhDvX1C46lXZcVqCpK+FtMRQVdIMN6/Df5js2zouUsqG7I6sFxitIC+7KYK29KdXOLHdu9zL4sFnoVQnqaA==

inherits@^2.0.1:
  version "2.0.4"
  resolved "https://registry.npmjs.org/inherits/-/inherits-2.0.4.tgz"
  integrity sha512-k/vGaX4/Yla3WzyMCvTQOXYeIHvqOKtnqBduzTHpzpQZzAskKMhZ2K+EnBiSM9zGSoIFeMpXKxa4dYeZIQqewQ==

is-hex-prefixed@1.0.0:
  version "1.0.0"
  resolved "https://registry.npmjs.org/is-hex-prefixed/-/is-hex-prefixed-1.0.0.tgz"
  integrity sha512-WvtOiug1VFrE9v1Cydwm+FnXd3+w9GaeVUss5W4v/SLy3UW00vP+6iNF2SdnfiBoLy4bTqVdkftNGTUeOFVsbA==

minimalistic-assert@^1.0.0:
  version "1.0.1"
  resolved "https://registry.npmjs.org/minimalistic-assert/-/minimalistic-assert-1.0.1.tgz"
  integrity sha512-UtJcAD4yEaGtjPezWuO9wC4nwUnVH/8/Im3yEHQP4b67cXlD/Qr9hdITCU1xDbSEXg2XKNaP8jsReV7vQd00/A==

openpgp@^5.5.0:
  version "5.5.0"
  resolved "https://registry.npmjs.org/openpgp/-/openpgp-5.5.0.tgz"
  integrity sha512-SpwcJnxrK9Y0HRM6KxSFqkAEOSWEabCH/c8dII/+y2e5f6KvuDG5ZE7JXaPBaVJNE4VUZZeTphxXDoZD0KOHrw==
  dependencies:
    asn1.js "^5.0.0"

safer-buffer@^2.1.0:
  version "2.1.2"
  resolved "https://registry.npmjs.org/safer-buffer/-/safer-buffer-2.1.2.tgz"
  integrity sha512-YZo3K82SD7Riyi0E1EQPojLz7kpepnSQI9IyPbHHg1XXXevb5dJI7tpyN2ADxGcQbHG7vcyRHk0cbwqcQriUtg==

strip-hex-prefix@1.0.0:
  version "1.0.0"
  resolved "https://registry.npmjs.org/strip-hex-prefix/-/strip-hex-prefix-1.0.0.tgz"
  integrity sha512-q8d4ue7JGEiVcypji1bALTos+0pWtyGlivAWyPuTkHzuTCJqrK9sWxYQZUq6Nq3cuyv3bm734IhHvHtGGURU6A==
  dependencies:
    is-hex-prefixed "1.0.0"

tweetnacl-util@^0.15.1:
  version "0.15.1"
  resolved "https://registry.npmjs.org/tweetnacl-util/-/tweetnacl-util-0.15.1.tgz"
  integrity sha512-RKJBIj8lySrShN4w6i/BonWp2Z/uxwC3h4y7xsRrpP59ZboCd0GpEVsOnMDYLMmKBpYhb5TgHzZXy7wTfYFBRw==

tweetnacl@^1.0.3:
  version "1.0.3"
  resolved "https://registry.npmjs.org/tweetnacl/-/tweetnacl-1.0.3.tgz"
  integrity sha512-6rt+RN7aOi1nGMyC4Xa5DdYiukl2UWCbcJft7YhxReBGQD7OAM8Pbxw6YMo4r2diNEA8FEmu32YOn9rhaiE5yw==
